
Microsoft Visual Studio Solution File, Format Version 12.00
# Visual Studio Version 16
VisualStudioVersion = 16.0.31515.178
MinimumVisualStudioVersion = 10.0.40219.1
Project("{FAE04EC0-301F-11D3-BF4B-00C04F79EFBC}") = "ConsoleApp6L", "ConsoleApp6L\ConsoleApp6L.csproj", "{BE40F0F6-AED6-40FE-AE65-6FE07CDE9D25}"
EndProject
Global
	GlobalSection(SolutionConfigurationPlatforms) = preSolution
		Debug|Any CPU = Debug|Any CPU
		Release|Any CPU = Release|Any CPU
	EndGlobalSection
	GlobalSection(ProjectConfigurationPlatforms) = postSolution
		{BE40F0F6-AED6-40FE-AE65-6FE07CDE9D25}.Debug|Any CPU.ActiveCfg = Debug|Any CPU
		{BE40F0F6-AED6-40FE-AE65-6FE07CDE9D25}.Debug|Any CPU.Build.0 = Debug|Any CPU
		{BE40F0F6-AED6-40FE-AE65-6FE07CDE9D25}.Release|Any CPU.ActiveCfg = Release|Any CPU
		{BE40F0F6-AED6-40FE-AE65-6FE07CDE9D25}.Release|Any CPU.Build.0 = Release|Any CPU
	EndGlobalSection
	GlobalSection(SolutionProperties) = preSolution
		HideSolutionNode = FALSE
	EndGlobalSection
	GlobalSection(ExtensibilityGlobals) = postSolution
		SolutionGuid = {1EB785F1-1DEA-41D4-B288-24FA1CED14A3}
	EndGlobalSection
EndGlobal
